
Microsoft Visual Studio Solution File, Format Version 12.00
# Visual Studio Version 17
VisualStudioVersion = 17.5.33424.131
MinimumVisualStudioVersion = 10.0.40219.1
Project("{FAE04EC0-301F-11D3-BF4B-00C04F79EFBC}") = "LoginApp.Android", "LoginApp.Android\LoginApp.Android.csproj", "{10A7AE76-6477-4933-A44E-8E2A5FA74A59}"
EndProject
Project("{FAE04EC0-301F-11D3-BF4B-00C04F79EFBC}") = "LoginApp.iOS", "LoginApp.iOS\LoginApp.iOS.csproj", "{37681E6F-A8BC-40F3-9DCE-C304E1811485}"
EndProject
Project("{9A19103F-16F7-4668-BE54-9A1E7A4F7556}") = "ProyectoFinal", "LoginApp\ProyectoFinal.csproj", "{AB11FE42-F5FB-4272-8548-9E1306FF68D9}"
EndProject
Global
	GlobalSection(SolutionConfigurationPlatforms) = preSolution
		Debug|Any CPU = Debug|Any CPU
		Debug|iPhone = Debug|iPhone
		Debug|iPhoneSimulator = Debug|iPhoneSimulator
		Release|Any CPU = Release|Any CPU
		Release|iPhone = Release|iPhone
		Release|iPhoneSimulator = Release|iPhoneSimulator
	EndGlobalSection
	GlobalSection(ProjectConfigurationPlatforms) = postSolution
		{10A7AE76-6477-4933-A44E-8E2A5FA74A59}.Debug|Any CPU.ActiveCfg = Debug|Any CPU
		{10A7AE76-6477-4933-A44E-8E2A5FA74A59}.Debug|Any CPU.Build.0 = Debug|Any CPU
		{10A7AE76-6477-4933-A44E-8E2A5FA74A59}.Debug|Any CPU.Deploy.0 = Debug|Any CPU
		{10A7AE76-6477-4933-A44E-8E2A5FA74A59}.Debug|iPhone.ActiveCfg = Debug|Any CPU
		{10A7AE76-6477-4933-A44E-8E2A5FA74A59}.Debug|iPhone.Build.0 = Debug|Any CPU
		{10A7AE76-6477-4933-A44E-8E2A5FA74A59}.Debug|iPhone.Deploy.0 = Debug|Any CPU
		{10A7AE76-6477-4933-A44E-8E2A5FA74A59}.Debug|iPhoneSimulator.ActiveCfg = Debug|Any CPU
		{10A7AE76-6477-4933-A44E-8E2A5FA74A59}.Debug|iPhoneSimulator.Build.0 = Debug|Any CPU
		{10A7AE76-6477-4933-A44E-8E2A5FA74A59}.Debug|iPhoneSimulator.Deploy.0 = Debug|Any CPU
		{10A7AE76-6477-4933-A44E-8E2A5FA74A59}.Release|Any CPU.ActiveCfg = Release|Any CPU
		{10A7AE76-6477-4933-A44E-8E2A5FA74A59}.Release|Any CPU.Build.0 = Release|Any CPU
		{10A7AE76-6477-4933-A44E-8E2A5FA74A59}.Release|Any CPU.Deploy.0 = Release|Any CPU
		{10A7AE76-6477-4933-A44E-8E2A5FA74A59}.Release|iPhone.ActiveCfg = Release|Any CPU
		{10A7AE76-6477-4933-A44E-8E2A5FA74A59}.Release|iPhone.Build.0 = Release|Any CPU
		{10A7AE76-6477-4933-A44E-8E2A5FA74A59}.Release|iPhone.Deploy.0 = Release|Any CPU
		{10A7AE76-6477-4933-A44E-8E2A5FA74A59}.Release|iPhoneSimulator.ActiveCfg = Release|Any CPU
		{10A7AE76-6477-4933-A44E-8E2A5FA74A59}.Release|iPhoneSimulator.Build.0 = Release|Any CPU
		{10A7AE76-6477-4933-A44E-8E2A5FA74A59}.Release|iPhoneSimulator.Deploy.0 = Release|Any CPU
		{37681E6F-A8BC-40F3-9DCE-C304E1811485}.Debug|Any CPU.ActiveCfg = Debug|iPhone
		{37681E6F-A8BC-40F3-9DCE-C304E1811485}.Debug|Any CPU.Build.0 = Debug|iPhone
		{37681E6F-A8BC-40F3-9DCE-C304E1811485}.Debug|Any CPU.Deploy.0 = Debug|iPhone
		{37681E6F-A8BC-40F3-9DCE-C304E1811485}.Debug|iPhone.ActiveCfg = Debug|iPhone
		{37681E6F-A8BC-40F3-9DCE-C304E1811485}.Debug|iPhone.Build.0 = Debug|iPhone
		{37681E6F-A8BC-40F3-9DCE-C304E1811485}.Debug|iPhone.Deploy.0 = Debug|iPhone
		{37681E6F-A8BC-40F3-9DCE-C304E1811485}.Debug|iPhoneSimulator.ActiveCfg = Debug|iPhoneSimulator
		{37681E6F-A8BC-40F3-9DCE-C304E1811485}.Debug|iPhoneSimulator.Build.0 = Debug|iPhoneSimulator
		{37681E6F-A8BC-40F3-9DCE-C304E1811485}.Debug|iPhoneSimulator.Deploy.0 = Debug|iPhoneSimulator
		{37681E6F-A8BC-40F3-9DCE-C304E1811485}.Release|Any CPU.ActiveCfg = Release|iPhoneSimulator
		{37681E6F-A8BC-40F3-9DCE-C304E1811485}.Release|Any CPU.Build.0 = Release|iPhoneSimulator
		{37681E6F-A8BC-40F3-9DCE-C304E1811485}.Release|Any CPU.Deploy.0 = Release|iPhoneSimulator
		{37681E6F-A8BC-40F3-9DCE-C304E1811485}.Release|iPhone.ActiveCfg = Release|iPhone
		{37681E6F-A8BC-40F3-9DCE-C304E1811485}.Release|iPhone.Build.0 = Release|iPhone
		{37681E6F-A8BC-40F3-9DCE-C304E1811485}.Release|iPhone.Deploy.0 = Release|iPhone
		{37681E6F-A8BC-40F3-9DCE-C304E1811485}.Release|iPhoneSimulator.ActiveCfg = Release|iPhoneSimulator
		{37681E6F-A8BC-40F3-9DCE-C304E1811485}.Release|iPhoneSimulator.Build.0 = Release|iPhoneSimulator
		{37681E6F-A8BC-40F3-9DCE-C304E1811485}.Release|iPhoneSimulator.Deploy.0 = Release|iPhoneSimulator
		{AB11FE42-F5FB-4272-8548-9E1306FF68D9}.Debug|Any CPU.ActiveCfg = Debug|Any CPU
		{AB11FE42-F5FB-4272-8548-9E1306FF68D9}.Debug|Any CPU.Build.0 = Debug|Any CPU
		{AB11FE42-F5FB-4272-8548-9E1306FF68D9}.Debug|Any CPU.Deploy.0 = Debug|Any CPU
		{AB11FE42-F5FB-4272-8548-9E1306FF68D9}.Debug|iPhone.ActiveCfg = Debug|Any CPU
		{AB11FE42-F5FB-4272-8548-9E1306FF68D9}.Debug|iPhone.Build.0 = Debug|Any CPU
		{AB11FE42-F5FB-4272-8548-9E1306FF68D9}.Debug|iPhone.Deploy.0 = Debug|Any CPU
		{AB11FE42-F5FB-4272-8548-9E1306FF68D9}.Debug|iPhoneSimulator.ActiveCfg = Debug|Any CPU
		{AB11FE42-F5FB-4272-8548-9E1306FF68D9}.Debug|iPhoneSimulator.Build.0 = Debug|Any CPU
		{AB11FE42-F5FB-4272-8548-9E1306FF68D9}.Debug|iPhoneSimulator.Deploy.0 = Debug|Any CPU
		{AB11FE42-F5FB-4272-8548-9E1306FF68D9}.Release|Any CPU.ActiveCfg = Release|Any CPU
		{AB11FE42-F5FB-4272-8548-9E1306FF68D9}.Release|Any CPU.Build.0 = Release|Any CPU
		{AB11FE42-F5FB-4272-8548-9E1306FF68D9}.Release|Any CPU.Deploy.0 = Release|Any CPU
		{AB11FE42-F5FB-4272-8548-9E1306FF68D9}.Release|iPhone.ActiveCfg = Release|Any CPU
		{AB11FE42-F5FB-4272-8548-9E1306FF68D9}.Release|iPhone.Build.0 = Release|Any CPU
		{AB11FE42-F5FB-4272-8548-9E1306FF68D9}.Release|iPhone.Deploy.0 = Release|Any CPU
		{AB11FE42-F5FB-4272-8548-9E1306FF68D9}.Release|iPhoneSimulator.ActiveCfg = Release|Any CPU
		{AB11FE42-F5FB-4272-8548-9E1306FF68D9}.Release|iPhoneSimulator.Build.0 = Release|Any CPU
		{AB11FE42-F5FB-4272-8548-9E1306FF68D9}.Release|iPhoneSimulator.Deploy.0 = Release|Any CPU
	EndGlobalSection
	GlobalSection(SolutionProperties) = preSolution
		HideSolutionNode = FALSE
	EndGlobalSection
	GlobalSection(ExtensibilityGlobals) = postSolution
		SolutionGuid = {5790D5FC-B0BE-40F5-A992-76003701CBD8}
	EndGlobalSection
EndGlobal
